Microsoft Visual Studio Solution File, Format Version 11.00
# Visual Studio 2010
Project("{FAE04EC0-301F-11D3-BF4B-00C04F79EFBC}") = "SPI_L3GD20", "SPI_L3GD20\SPI_L3GD20.csproj", "{60EE644C-2EB0-485A-BCDB-AFBE3A7E7AD3}"
EndProject
Global
	GlobalSection(SolutionConfigurationPlatforms) = preSolution
		Debug|Any CPU = Debug|Any CPU
		Release|Any CPU = Release|Any CPU
	EndGlobalSection
	GlobalSection(ProjectConfigurationPlatforms) = postSolution
		{60EE644C-2EB0-485A-BCDB-AFBE3A7E7AD3}.Debug|Any CPU.ActiveCfg = Debug|Any CPU
		{60EE644C-2EB0-485A-BCDB-AFBE3A7E7AD3}.Debug|Any CPU.Build.0 = Debug|Any CPU
		{60EE644C-2EB0-485A-BCDB-AFBE3A7E7AD3}.Debug|Any CPU.Deploy.0 = Debug|Any CPU
		{60EE644C-2EB0-485A-BCDB-AFBE3A7E7AD3}.Release|Any CPU.ActiveCfg = Release|Any CPU
		{60EE644C-2EB0-485A-BCDB-AFBE3A7E7AD3}.Release|Any CPU.Build.0 = Release|Any CPU
		{60EE644C-2EB0-485A-BCDB-AFBE3A7E7AD3}.Release|Any CPU.Deploy.0 = Release|Any CPU
	EndGlobalSection
	GlobalSection(SolutionProperties) = preSolution
		HideSolutionNode = FALSE
	EndGlobalSection
EndGlobal
